{
  "version": "2",
  "remote": {
    "https://deno.land/std@0.150.0/media_types/_util.ts": "ce9b4fc4ba1c447dafab619055e20fd88236ca6bdd7834a21f98bd193c3fbfa1",
    "https://deno.land/std@0.150.0/media_types/mod.ts": "2d4b6f32a087029272dc59e0a55ae3cc4d1b27b794ccf528e94b1925795b3118",
    "https://deno.land/std@0.150.0/media_types/vendor/mime-db.v1.52.0.ts": "724cee25fa40f1a52d3937d6b4fbbfdd7791ff55e1b7ac08d9319d5632c7f5af",
    "https://deno.land/std@0.196.0/collections/filter_values.ts": "16e1fc456a7969e770ec5b89edf5ac97b295ca534b47c1a83f061b409aad7814",
    "https://deno.land/std@0.196.0/collections/without_all.ts": "1e3cccb1ed0659455b473c0766d9414b7710d8cef48862c899f445178f66b779",
    "https://deno.land/std@0.196.0/dotenv/load.ts": "0636983549b98f29ab75c9a22a42d9723f0a389ece5498fe971e7bb2556a12e2",
    "https://deno.land/std@0.196.0/dotenv/mod.ts": "39e5d19e077e55d7e01ea600eb1c6d1e18a8dfdfc65d68826257a576788da3a4",
    "https://deno.land/x/xhr@0.3.0/mod.ts": "094aacd627fd9635cd942053bf8032b5223b909858fa9dc8ffa583752ff63b20",
    "https://esm.sh/@whiskeysockets/baileys@6.4.0": "5d6ac4c562b781d7faf2fd7c6c0a80deeda15319f245d8cc0a260563c1189e2f",
    "https://esm.sh/@whiskeysockets/baileys@6.4.0?external=jimp": "d46d7a7051dadc28931dcbd9fe8919f0ebe5305caec7b0fc7fc2cdb27251d2c0",
    "https://esm.sh/@whiskeysockets/baileys@6.4.0?external=jimp,sharp": "3ff3a6c09ef876541e9c9d6bc1cd8804d05281e8a937e6fd466e2963d982a1e7",
    "https://esm.sh/duck-duck-scrape@2.2.4": "e77fdb8cc8716c6a180723f9d11264849bfb7f22a73297b4c1aa67040faf312b",
    "https://esm.sh/v130/@adiwajshing/keyed-db@0.2.4/denonext/keyed-db.mjs": "4f62a879810eea1c1ec35610fa5abdbe5a99039580f7cbcc4dda5e6d6772eb28",
    "https://esm.sh/v130/@eshaz/web-worker@1.2.1/denonext/web-worker.mjs": "276cc78b4a7bba521c2052bc262003464dbcae2ad8f87b038a45f6778e198a55",
    "https://esm.sh/v130/@hapi/boom@9.1.4/denonext/boom.mjs": "ac362654215730f74e9c105863d39231ac60c56476ec578aa393e9353c8edfaf",
    "https://esm.sh/v130/@hapi/hoek@9.3.0/denonext/hoek.mjs": "d8fae37c4a4c01ee5dd2d1a7dc5e4df43c30304f47d9ffdbf8f110c05c58dfe2",
    "https://esm.sh/v130/@protobufjs/aspromise@1.1.2/denonext/aspromise.mjs": "3d83037425036ea5fa83a5893059b313e9197af8b1ba84f775ac05e6df7736e4",
    "https://esm.sh/v130/@protobufjs/base64@1.1.2/denonext/base64.mjs": "acea461f17e7d0f813b08a633809c6810dc592b28a9eb26dba0b8f1b7af911b8",
    "https://esm.sh/v130/@protobufjs/codegen@2.0.4/denonext/codegen.mjs": "2cd98d35edba82c53dc7e96036c2dc4080f058e3c94c340e4c559a5d83bdeff5",
    "https://esm.sh/v130/@protobufjs/eventemitter@1.1.0/denonext/eventemitter.mjs": "0299224895b8f43109b42926a0ee2dadd6138e638445327585107a8cc82f6a17",
    "https://esm.sh/v130/@protobufjs/fetch@1.1.0/denonext/fetch.mjs": "e36feb9bb0fd3efc60d71d7df4c0818b685dddf6be494393f9b2396952fbe662",
    "https://esm.sh/v130/@protobufjs/float@1.0.2/denonext/float.mjs": "af49a1cdbb9b232cdef5f8a772e04bf4628671873bd39ca33a9dd9ffd0115dea",
    "https://esm.sh/v130/@protobufjs/inquire@1.1.0/denonext/inquire.mjs": "5920ac62d435331221345c39a263ceb1d2f8711df73cb5af89ccd41074fcc82a",
    "https://esm.sh/v130/@protobufjs/path@1.1.2/denonext/path.mjs": "0c5e2f8b6b186e358d8fdb94a46f54fc18b3b53cb5fc82e18dd9b041858e4d7e",
    "https://esm.sh/v130/@protobufjs/pool@1.1.0/denonext/pool.mjs": "01b3d9ea0df1fefa04eae55ea83d2a8198cfcb3e6dbfac15a8bf37cfc80abd19",
    "https://esm.sh/v130/@protobufjs/utf8@1.1.0/denonext/utf8.mjs": "52b7bc421bad149db24d90d8ac5364f2c9f9766e5449fd266d5edf04b2669f23",
    "https://esm.sh/v130/@thi.ng/bitstream@2.2.22/denonext/bitstream.mjs": "174b370a2ca5e7b931e88404aec8e7326566e53d126e631e2fc5bb4196f3c567",
    "https://esm.sh/v130/@thi.ng/bitstream@2.2.22/denonext/input.js": "79dcf2e222a4380b336f8264e10f6d8ef82a1d37b901cf8bc13d41022efb40ff",
    "https://esm.sh/v130/@thi.ng/bitstream@2.2.22/denonext/output.js": "53ff20aa7045ceb43522109996dd77516ead53f5367b2976e6096d21d8f751f0",
    "https://esm.sh/v130/@thi.ng/bitstream@2.2.22/denonext/simple.js": "f651a4b4adbc4820ce5080fe88e8659331855f4f87c9265a9ebf1d20cf66f923",
    "https://esm.sh/v130/@thi.ng/errors@2.2.17/denonext/deferror.js": "1c039ac51f1bdfe6d44f6eda063ad4cc447c42d5ebe369609fbd2da4384c399c",
    "https://esm.sh/v130/@thi.ng/errors@2.2.17/denonext/illegal-arguments.js": "fef3bd97b9c2748fbdb205812d849aa28ef49b5e93d8d0e688709f193dd131ba",
    "https://esm.sh/v130/@thi.ng/errors@2.2.17/denonext/illegal-state.js": "f48929cca02c0d7653294168ecca27f638cb303d2c7a53a979366a5472a3ba74",
    "https://esm.sh/v130/@wasm-audio-decoders/common@9.0.1/denonext/common.mjs": "41d13db8f9a121469ea76570add5821e42743a610a69a298044ed01f36a2dc26",
    "https://esm.sh/v130/@wasm-audio-decoders/flac@0.1.13/denonext/flac.mjs": "2ab63c90d4e3765d735ea849c87e08fd307423802c6679d0029fb757c016a11e",
    "https://esm.sh/v130/@wasm-audio-decoders/ogg-vorbis@0.1.8/denonext/ogg-vorbis.mjs": "216e5645a9695dd8fdf793f1f92a046ca86c3f30e6a584fa62f1ed1ab672048e",
    "https://esm.sh/v130/@whiskeysockets/baileys@6.4.0/denonext/baileys.mjs": "1c3c96d8dd2a73e8ce92f7211fa42fb8be318a2debc6c84bdd0ad9a8f334b1cf",
    "https://esm.sh/v130/audio-buffer@5.0.0/denonext/audio-buffer.mjs": "63e0dd0adbf9b7af4e6cf958e927f8bc01d136e81c8ea67c836895a5cf02349c",
    "https://esm.sh/v130/audio-decode@2.1.4/denonext/audio-decode.mjs": "22aa9c5d4290f3c2d90f83cad36e3f99cf190f6193d01c0742843b04d7ccbd8a",
    "https://esm.sh/v130/audio-type@2.2.1/denonext/audio-type.mjs": "bcbb0fe1a875f015b142936d29b2e5f200bafdea7078769efdde2584366f3341",
    "https://esm.sh/v130/axios@1.4.0/denonext/axios.mjs": "74e77c29405edeb7e9e42cb111a6536df52d8b7d789a3d37bc4fa70a074220c0",
    "https://esm.sh/v130/boolbase@1.0.0/denonext/boolbase.mjs": "4e3bd67e9b1c5c55094eae98345d0107c6a44ef57bd3d4b9579698fa44722280",
    "https://esm.sh/v130/bufferutil@4.0.7/denonext/bufferutil.mjs": "fabcced00ed08d5804c3d94a5cb3c23f75d2112cf200cafb7fa677a095d1957f",
    "https://esm.sh/v130/cache-manager@5.2.3/denonext/cache-manager.mjs": "cd84296153d68d2cc1c3e2bbf256d4bb3e6126450be57bf367049285286d24b2",
    "https://esm.sh/v130/cheerio-select@2.1.0/denonext/cheerio-select.mjs": "26d0d90b8e6f0a1738de0a609f7f710679e5ee476fe79bf955ce0f4bd6f7ff4a",
    "https://esm.sh/v130/cheerio@1.0.0-rc.11/denonext/cheerio.mjs": "d8a23e786960c890bc8a7cab54178af312b3077809600804386f8a42ac76499c",
    "https://esm.sh/v130/clone@2.1.2/denonext/clone.mjs": "a7fde520aeb6de984a90caf44d9bc08c024fd2df8e425a70daee606a3d9a188d",
    "https://esm.sh/v130/codec-parser@2.4.3/denonext/codec-parser.mjs": "9d578bbdf17dfbe66571f05c6f92b605581e53dab78406fdad8d547782e45a4c",
    "https://esm.sh/v130/color-convert@2.0.1/denonext/color-convert.mjs": "a970e330e4c00a5c31d235c0e24c3b86b56e8c26acbb53258216d3601a9a9656",
    "https://esm.sh/v130/color-name@1.1.4/denonext/color-name.mjs": "88abd3b0b19ef92d342221b38dc51760a4bab4540308c2dcb9db3c2cc68e5986",
    "https://esm.sh/v130/color-string@1.9.1/denonext/color-string.mjs": "2eee37e71fb13a3b0f746149982e41d258ad7cb72b85be475f33eee27cac539b",
    "https://esm.sh/v130/color@4.2.3/denonext/color.mjs": "de6d665e39991fc7ccedef1afd5013875c40c71e3abaae161688f62bb71b096c",
    "https://esm.sh/v130/content-type@1.0.5/denonext/content-type.mjs": "0a76f5bf728090f75a34f227efe77a9ad37c0eaa10539e012bc5dc059b9657fa",
    "https://esm.sh/v130/cross-fetch@3.1.5/denonext/cross-fetch.mjs": "784921e599fa33e784aa919a0e50a4a4099b1f5a9b482f1dfd782e7c665ea664",
    "https://esm.sh/v130/css-select@5.1.0/denonext/css-select.mjs": "2b78a5922d67baf089161edbdfb88cc32bc103cef9022604248b1eb7beeb7508",
    "https://esm.sh/v130/css-what@6.1.0/denonext/css-what.mjs": "283d02df6fef73d3223b55324b559b363dd0e4c008ea1efbcf9f14b8f2642202",
    "https://esm.sh/v130/debug@3.2.7/denonext/debug.mjs": "1f78ac4e3dfdb3b519648146816547be2faec28eef107ab014f7e529534776c4",
    "https://esm.sh/v130/debug@4.3.4/denonext/debug.mjs": "d1128c99d8db6958680ab6b0ed23ec28681844a46e260fae1cb6ef5f50fc678a",
    "https://esm.sh/v130/detect-libc@2.0.2/denonext/detect-libc.mjs": "f5bb961de27e9018e924e0b7d50c1951a6879c885670dd41239eff07df247cc3",
    "https://esm.sh/v130/dom-serializer@2.0.0/denonext/dom-serializer.mjs": "0c6c6178ae63afea0c1b9efe30c086a57f4014f8d15fcb482e2ade889b72fca3",
    "https://esm.sh/v130/domelementtype@2.3.0/denonext/domelementtype.mjs": "371936c356d5ac797f2ce3a66b98dfc73e6fff0e095b2858b85668e6ad7d10e0",
    "https://esm.sh/v130/domhandler@5.0.3/denonext/domhandler.mjs": "ee6bcae3bdc3bd7a0f125cd6db6f862abe96389cf26b14db014931de01dd212d",
    "https://esm.sh/v130/domutils@3.1.0/denonext/domutils.mjs": "a6a4b1ae2cb5ea24c42a276f0f589eb2432899dd59af0c90ce13da0297b35d55",
    "https://esm.sh/v130/duck-duck-scrape@2.2.4/denonext/duck-duck-scrape.mjs": "d3b034a03c62fc7541c4f3e71d8dee9303f96fb41d15875608d9ef7db5503f56",
    "https://esm.sh/v130/entities@4.5.0/denonext/entities.mjs": "ecd26e1d8c8b97abb78810721f9ac41039743e6903f4abae6375f1c3e6ea55a5",
    "https://esm.sh/v130/entities@4.5.0/denonext/lib/decode.js": "7fea6d8bd725edbbf7ea05031d2ea1bbbc1166dc11e3345d541198dd2dc16f1e",
    "https://esm.sh/v130/entities@4.5.0/denonext/lib/escape.js": "7ebdc622bf3618bab25db40da4a49e2b9d03f044745f125f0bc3359f2d060def",
    "https://esm.sh/v130/file-type@16.5.4/denonext/core.js": "97e2699a017ff3fc526929084045074d18700ba9df901a5ff8767444cf5b80cc",
    "https://esm.sh/v130/futoin-hkdf@1.5.2/denonext/futoin-hkdf.mjs": "c7a8f536d45c247043d559f6406c3a5c2d5083686f3bb3f6f23f129f23d552dd",
    "https://esm.sh/v130/html-entities@2.4.0/denonext/html-entities.mjs": "abdc050593de675c1c070a491e466597b8f946864e8d5152710e58f83d1200b7",
    "https://esm.sh/v130/htmlparser2@8.0.2/denonext/htmlparser2.mjs": "86485bc3df8e6500954be1f7afca3de1c1e1bd5c62a65b427524185b356b7730",
    "https://esm.sh/v130/iconv-lite@0.6.3/denonext/iconv-lite.mjs": "ef2bb4c42e4a244d839e5f27a969036237f97ce854b3dc2dfa9fc14976d8f425",
    "https://esm.sh/v130/ieee754@1.2.1/denonext/ieee754.mjs": "9ec2806065f50afcd4cf3f3f2f38d93e777a92a5954dda00d219f57d4b24832f",
    "https://esm.sh/v130/is-arrayish@0.3.2/denonext/is-arrayish.mjs": "e7b66629a1acd20dce6f06f7747206003b00662a8a5c4f84487555389495ea75",
    "https://esm.sh/v130/libsignal@2.0.1/denonext/libsignal.mjs": "20f6422ea4facb8653564aa7749007f22042c7fb3fcdb78f278d07b9d9cacb51",
    "https://esm.sh/v130/libsignal@2.0.1/denonext/src/crypto.js": "9f46a4340d11506657a229978e34daabef8397095bd5016cd57af2c9200b407d",
    "https://esm.sh/v130/libsignal@2.0.1/denonext/src/curve.js": "186d7b3ebf34d65051362fa20bdbc9f30df2e934f8b10fbed56f98d4f804936e",
    "https://esm.sh/v130/link-preview-js@3.0.4/denonext/link-preview-js.mjs": "c6160a804c7189bd27027eae3d7b370e027e1164ccffbc89d697c11768242f45",
    "https://esm.sh/v130/lodash.clonedeep@4.5.0/denonext/lodash.clonedeep.mjs": "fdd99cc3182e12777303bccf2e608753daa67f13cba04510a98bc11e1382d0f7",
    "https://esm.sh/v130/lru-cache@9.1.2/denonext/lru-cache.mjs": "498bbb70e9d5a7a93eb7fe4e150ea63f33252a5f7a99a5bba8e36df95a07d86b",
    "https://esm.sh/v130/media-typer@1.1.0/denonext/media-typer.mjs": "340778fb1ad7a0b1b8519eb21b41ec423d90a63bac70a112a73a1fe9545d76b5",
    "https://esm.sh/v130/mpg123-decoder@0.4.8/denonext/mpg123-decoder.mjs": "62f1db377dc0c8b9e8167cfe7f5b2bafc28b692e99bc71b8cfe65931be5e0e44",
    "https://esm.sh/v130/ms@2.1.2/denonext/ms.mjs": "aa4dc45ba72554c5011168f8910cc646c37af53cfff1a15a4decced838b8eb14",
    "https://esm.sh/v130/ms@2.1.3/denonext/ms.mjs": "0f06597e493998793b8f52232868976128fca326eec3bcd56f10e66e6efd1839",
    "https://esm.sh/v130/music-metadata@7.13.4/denonext/music-metadata.mjs": "1a0624b860e2f04259e630a93deea0c77bc408eeaf7859e18fe046dc3c577df4",
    "https://esm.sh/v130/needle@3.2.0/denonext/needle.mjs": "ca325172f08869473d3bf050b90fc8c9a3ef3b45f118ccee434e70594c788d34",
    "https://esm.sh/v130/node-cache@5.1.2/denonext/node-cache.mjs": "f5014e26f35efb1300636487ac39c4d8490432dcbe7aee80645bb3779cea9f9d",
    "https://esm.sh/v130/node-gyp-build@4.6.0/denonext/node-gyp-build.mjs": "58fc8e41b3ffd2f8a6b2a1694292976e6e12768d6e3895b9c8c13239562ffe64",
    "https://esm.sh/v130/node-wav@0.0.2/denonext/node-wav.mjs": "30103ca8bebb807f74277f6f57b4f2d82da38e6a806389b4473f776bbcbe2850",
    "https://esm.sh/v130/nth-check@2.1.1/denonext/nth-check.mjs": "759eee1446f0a783dfb37f0ee7eaca118e35d068f0d359bf4cd5a0196c8c9a0e",
    "https://esm.sh/v130/ogg-opus-decoder@1.6.5/denonext/ogg-opus-decoder.mjs": "fe301370a0a7442428533287a20107ed693406ecf280bdca2949825c43b185ec",
    "https://esm.sh/v130/opus-decoder@0.7.1/denonext/opus-decoder.mjs": "c09be1a9c9130789e67361d81c0a28d4426cdf6a97c0f70581e1f369db3b902a",
    "https://esm.sh/v130/parse5-htmlparser2-tree-adapter@7.0.0/denonext/parse5-htmlparser2-tree-adapter.mjs": "612413d2963183c89b4bc0a01f77e77498d53c5f151e7439a9f49840ba798638",
    "https://esm.sh/v130/parse5@7.1.2/denonext/parse5.mjs": "ef368d62b5bea56abd77fcc04e7e07b784cf57a629dd1d6df69ef1b4122c3393",
    "https://esm.sh/v130/peek-readable@4.1.0/denonext/peek-readable.mjs": "b82564c2296007c62c54b00689b7aa515062355c05ab3d10662ecc51f8dfe61b",
    "https://esm.sh/v130/pino@7.11.0/denonext/pino.mjs": "9911f31164c7babfe537d7fa968c1d691e6e8a71112a18b8892bee2f67085f94",
    "https://esm.sh/v130/protobufjs@6.11.3/denonext/minimal.js": "7629c958770bc3b75af3ca6b6858fba1ad9ddaf4a17d931f6095e111c822c204",
    "https://esm.sh/v130/protobufjs@6.8.8/denonext/protobufjs.mjs": "c870e3bd4fb9de30391d42c52432558c4e2b64b362ecc426b07a29949b71028c",
    "https://esm.sh/v130/qoa-format@1.0.0/denonext/qoa-format.mjs": "f032cc5bdc49306309cb7850d52f0ff05ff271eca7fd25a81071981913eff22d",
    "https://esm.sh/v130/qrcode-terminal@0.12.0/denonext/qrcode-terminal.mjs": "6b83937729b2554c485e78493f0b37f25e74a4c3fb03a72ae699ab03069375d8",
    "https://esm.sh/v130/quick-format-unescaped@4.0.4/denonext/quick-format-unescaped.mjs": "8d809d8d3f13d10e7f9e5f119af5d73ebb533999cb8f35f88aa4f4dc9fba2662",
    "https://esm.sh/v130/safer-buffer@2.1.2/denonext/safer-buffer.mjs": "ce0e787812c668ba082ad5b75958490c714b6e05836bd5b6013d9f75727c006f",
    "https://esm.sh/v130/sax@1.2.4/denonext/sax.mjs": "c709f5e231d178e08230a3e35ea55a1d4ccccefa69e47a7cb7da37adb5b342dd",
    "https://esm.sh/v130/semver@7.5.4/denonext/functions/coerce.js": "c94719f793dfff35528c21f7b4d955b536fa8cb2ebb64c2ca57800e73cfbcd7b",
    "https://esm.sh/v130/semver@7.5.4/denonext/functions/gte.js": "4c722effbd73c47bfcf8f89424d70a7d0db28c0d82e4ba059f9f41dadcda643e",
    "https://esm.sh/v130/sharp@0.30.7/denonext/sharp.mjs": "da9b583e10203ef999ea8a8c258e8bf93787ed0f19c339290846a5372742eb9e",
    "https://esm.sh/v130/simple-swizzle@0.2.2/denonext/simple-swizzle.mjs": "7cb8f681bc5d6220e517a31b8c3d779698ec4ca078db28431d579383078dc89f",
    "https://esm.sh/v130/strtok3@6.3.0/denonext/lib/core.js": "ac41bc90fab32d03125f14cdbcf2ad73eddc2e2cb4fe8a93c4f421bf44d8a809",
    "https://esm.sh/v130/strtok3@6.3.0/denonext/strtok3.mjs": "ec96c096cfc570087080e283c7cc5d09bca410add9146a634b70114b2eb46f75",
    "https://esm.sh/v130/token-types@4.2.1/denonext/token-types.mjs": "e1c8d29ff14cce15147ec9a71a4ea825d192235c1fd5ffce91df985311ac3287",
    "https://esm.sh/v130/utf-8-validate@6.0.3/denonext/utf-8-validate.mjs": "c9acebbeb80ea2c44826be8d787ce1a92e07ba1b7999b9b75f768a325ecbc749",
    "https://esm.sh/v130/uuid@9.0.0/denonext/uuid.mjs": "ac96be3c985ecc0f0a14dfe23d6ec8d37b2360e9a331f3330d557b7f5210aa53",
    "https://esm.sh/v130/ws@8.13.0/denonext/ws.mjs": "09c5387db01171fd7b88209458144cd80532fb729cf5994e6553409c37ac394a",
    "https://esm.sh/v131/@adiwajshing/keyed-db@0.2.4/X-ZS9qaW1w/denonext/keyed-db.mjs": "4f62a879810eea1c1ec35610fa5abdbe5a99039580f7cbcc4dda5e6d6772eb28",
    "https://esm.sh/v131/@adiwajshing/keyed-db@0.2.4/X-ZS9qaW1wLHNoYXJw/denonext/keyed-db.mjs": "4f62a879810eea1c1ec35610fa5abdbe5a99039580f7cbcc4dda5e6d6772eb28",
    "https://esm.sh/v131/@eshaz/web-worker@1.2.1/X-ZS9qaW1w/denonext/web-worker.mjs": "276cc78b4a7bba521c2052bc262003464dbcae2ad8f87b038a45f6778e198a55",
    "https://esm.sh/v131/@eshaz/web-worker@1.2.1/X-ZS9qaW1wLHNoYXJw/denonext/web-worker.mjs": "276cc78b4a7bba521c2052bc262003464dbcae2ad8f87b038a45f6778e198a55",
    "https://esm.sh/v131/@hapi/boom@9.1.4/X-ZS9qaW1w/denonext/boom.mjs": "72a33b95b9f8cc8a25fbc73c910ed35b66f5431ac5e7cc869771e1426a7a217c",
    "https://esm.sh/v131/@hapi/boom@9.1.4/X-ZS9qaW1wLHNoYXJw/denonext/boom.mjs": "d586e13f09c808cc4f709cd7cd5359a08ce75c181eee08ec1d63b67acd659235",
    "https://esm.sh/v131/@hapi/hoek@9.3.0/X-ZS9qaW1w/denonext/hoek.mjs": "d8fae37c4a4c01ee5dd2d1a7dc5e4df43c30304f47d9ffdbf8f110c05c58dfe2",
    "https://esm.sh/v131/@hapi/hoek@9.3.0/X-ZS9qaW1wLHNoYXJw/denonext/hoek.mjs": "d8fae37c4a4c01ee5dd2d1a7dc5e4df43c30304f47d9ffdbf8f110c05c58dfe2",
    "https://esm.sh/v131/@protobufjs/aspromise@1.1.2/X-ZS9qaW1w/denonext/aspromise.mjs": "3d83037425036ea5fa83a5893059b313e9197af8b1ba84f775ac05e6df7736e4",
    "https://esm.sh/v131/@protobufjs/aspromise@1.1.2/X-ZS9qaW1wLHNoYXJw/denonext/aspromise.mjs": "3d83037425036ea5fa83a5893059b313e9197af8b1ba84f775ac05e6df7736e4",
    "https://esm.sh/v131/@protobufjs/base64@1.1.2/X-ZS9qaW1w/denonext/base64.mjs": "acea461f17e7d0f813b08a633809c6810dc592b28a9eb26dba0b8f1b7af911b8",
    "https://esm.sh/v131/@protobufjs/base64@1.1.2/X-ZS9qaW1wLHNoYXJw/denonext/base64.mjs": "acea461f17e7d0f813b08a633809c6810dc592b28a9eb26dba0b8f1b7af911b8",
    "https://esm.sh/v131/@protobufjs/codegen@2.0.4/X-ZS9qaW1w/denonext/codegen.mjs": "2cd98d35edba82c53dc7e96036c2dc4080f058e3c94c340e4c559a5d83bdeff5",
    "https://esm.sh/v131/@protobufjs/codegen@2.0.4/X-ZS9qaW1wLHNoYXJw/denonext/codegen.mjs": "2cd98d35edba82c53dc7e96036c2dc4080f058e3c94c340e4c559a5d83bdeff5",
    "https://esm.sh/v131/@protobufjs/eventemitter@1.1.0/X-ZS9qaW1w/denonext/eventemitter.mjs": "0299224895b8f43109b42926a0ee2dadd6138e638445327585107a8cc82f6a17",
    "https://esm.sh/v131/@protobufjs/eventemitter@1.1.0/X-ZS9qaW1wLHNoYXJw/denonext/eventemitter.mjs": "0299224895b8f43109b42926a0ee2dadd6138e638445327585107a8cc82f6a17",
    "https://esm.sh/v131/@protobufjs/fetch@1.1.0/X-ZS9qaW1w/denonext/fetch.mjs": "170aa46ef9aa6bc0b9f78fc9d6b2a09a2a8b7021b3e61a5efce611bda3bcc977",
    "https://esm.sh/v131/@protobufjs/fetch@1.1.0/X-ZS9qaW1wLHNoYXJw/denonext/fetch.mjs": "b996c5defcd56966c7be190f0a6040e556a5e8491dfb1bb441b126860e6af8f2",
    "https://esm.sh/v131/@protobufjs/float@1.0.2/X-ZS9qaW1w/denonext/float.mjs": "af49a1cdbb9b232cdef5f8a772e04bf4628671873bd39ca33a9dd9ffd0115dea",
    "https://esm.sh/v131/@protobufjs/float@1.0.2/X-ZS9qaW1wLHNoYXJw/denonext/float.mjs": "af49a1cdbb9b232cdef5f8a772e04bf4628671873bd39ca33a9dd9ffd0115dea",
    "https://esm.sh/v131/@protobufjs/inquire@1.1.0/X-ZS9qaW1w/denonext/inquire.mjs": "5920ac62d435331221345c39a263ceb1d2f8711df73cb5af89ccd41074fcc82a",
    "https://esm.sh/v131/@protobufjs/inquire@1.1.0/X-ZS9qaW1wLHNoYXJw/denonext/inquire.mjs": "5920ac62d435331221345c39a263ceb1d2f8711df73cb5af89ccd41074fcc82a",
    "https://esm.sh/v131/@protobufjs/path@1.1.2/X-ZS9qaW1w/denonext/path.mjs": "0c5e2f8b6b186e358d8fdb94a46f54fc18b3b53cb5fc82e18dd9b041858e4d7e",
    "https://esm.sh/v131/@protobufjs/path@1.1.2/X-ZS9qaW1wLHNoYXJw/denonext/path.mjs": "0c5e2f8b6b186e358d8fdb94a46f54fc18b3b53cb5fc82e18dd9b041858e4d7e",
    "https://esm.sh/v131/@protobufjs/pool@1.1.0/X-ZS9qaW1w/denonext/pool.mjs": "01b3d9ea0df1fefa04eae55ea83d2a8198cfcb3e6dbfac15a8bf37cfc80abd19",
    "https://esm.sh/v131/@protobufjs/pool@1.1.0/X-ZS9qaW1wLHNoYXJw/denonext/pool.mjs": "01b3d9ea0df1fefa04eae55ea83d2a8198cfcb3e6dbfac15a8bf37cfc80abd19",
    "https://esm.sh/v131/@protobufjs/utf8@1.1.0/X-ZS9qaW1w/denonext/utf8.mjs": "52b7bc421bad149db24d90d8ac5364f2c9f9766e5449fd266d5edf04b2669f23",
    "https://esm.sh/v131/@protobufjs/utf8@1.1.0/X-ZS9qaW1wLHNoYXJw/denonext/utf8.mjs": "52b7bc421bad149db24d90d8ac5364f2c9f9766e5449fd266d5edf04b2669f23",
    "https://esm.sh/v131/@thi.ng/bitstream@2.2.22/X-ZS9qaW1w/denonext/bitstream.mjs": "389eab6941e73c5444b17b21b050c265e9c7b44022d445414e8846535949c9d2",
    "https://esm.sh/v131/@thi.ng/bitstream@2.2.22/X-ZS9qaW1wLHNoYXJw/denonext/bitstream.mjs": "895b1668a211810460918f659f07f330bbada2fea9c7efc681db585ea0c405dc",
    "https://esm.sh/v131/@thi.ng/errors@2.3.4/X-ZS9qaW1w/denonext/illegal-arguments.js": "768f92dd584a4154426d3f4056f34100291f1f232d1207c1de27aa809110f8e8",
    "https://esm.sh/v131/@thi.ng/errors@2.3.4/X-ZS9qaW1w/denonext/illegal-state.js": "d3eeb68bf4fee4e3445230042912c7e1b279c477585e01ea79a907b4d00cbaed",
    "https://esm.sh/v131/@thi.ng/errors@2.3.4/X-ZS9qaW1wLHNoYXJw/denonext/illegal-arguments.js": "768f92dd584a4154426d3f4056f34100291f1f232d1207c1de27aa809110f8e8",
    "https://esm.sh/v131/@thi.ng/errors@2.3.4/X-ZS9qaW1wLHNoYXJw/denonext/illegal-state.js": "d3eeb68bf4fee4e3445230042912c7e1b279c477585e01ea79a907b4d00cbaed",
    "https://esm.sh/v131/@wasm-audio-decoders/common@9.0.1/X-ZS9qaW1w/denonext/common.mjs": "a798321d3ee774308b8ef1530b2184be71b1ea3702f8ce210c5692b7abb89fa2",
    "https://esm.sh/v131/@wasm-audio-decoders/common@9.0.1/X-ZS9qaW1wLHNoYXJw/denonext/common.mjs": "2328d7b2092ba5bd62ba94fa90ddc4171964189493f9f241f19247a5b63ebac4",
    "https://esm.sh/v131/@wasm-audio-decoders/flac@0.1.13/X-ZS9qaW1w/denonext/flac.mjs": "37d18adb4095b9696680e84420a44db2dc760cd15c1e865cdb4324c651ddc8ec",
    "https://esm.sh/v131/@wasm-audio-decoders/flac@0.1.13/X-ZS9qaW1wLHNoYXJw/denonext/flac.mjs": "b63c38ae4de4d3502e4372a429ed6420b50f0915faea0f3703e591f120cfd350",
    "https://esm.sh/v131/@wasm-audio-decoders/ogg-vorbis@0.1.8/X-ZS9qaW1w/denonext/ogg-vorbis.mjs": "d20ebf0a82a0e3e18281044d2be3e7163a311bd9425b78b312e23e44ad6f89ac",
    "https://esm.sh/v131/@wasm-audio-decoders/ogg-vorbis@0.1.8/X-ZS9qaW1wLHNoYXJw/denonext/ogg-vorbis.mjs": "4cb66004efc163d77c874ed541945e61b021bd5ff618d2b6ce60f9db0dbfbace",
    "https://esm.sh/v131/@whiskeysockets/baileys@6.4.0/X-ZS9qaW1w/denonext/baileys.mjs": "e8a61909f86d55b55447f9d85af3033e7a9dc719ea00bde6e3240cfdf13e92e6",
    "https://esm.sh/v131/@whiskeysockets/baileys@6.4.0/X-ZS9qaW1wLHNoYXJw/denonext/baileys.mjs": "9a0ef577c78b5544fe63d30c3e9ae0239a16fa7892b24c39b6986100d1bab4a6",
    "https://esm.sh/v131/audio-buffer@5.0.0/X-ZS9qaW1w/denonext/audio-buffer.mjs": "63e0dd0adbf9b7af4e6cf958e927f8bc01d136e81c8ea67c836895a5cf02349c",
    "https://esm.sh/v131/audio-buffer@5.0.0/X-ZS9qaW1wLHNoYXJw/denonext/audio-buffer.mjs": "63e0dd0adbf9b7af4e6cf958e927f8bc01d136e81c8ea67c836895a5cf02349c",
    "https://esm.sh/v131/audio-decode@2.1.4/X-ZS9qaW1w/denonext/audio-decode.mjs": "1fc147c0ac4196363cf5f76b048380b20dc4341fc29142c10d3b55264bc7a547",
    "https://esm.sh/v131/audio-decode@2.1.4/X-ZS9qaW1wLHNoYXJw/denonext/audio-decode.mjs": "57770d2e8db9b9b07f526801c172099884cabde7a80499eed67befdf8fe878f3",
    "https://esm.sh/v131/audio-type@2.2.1/X-ZS9qaW1w/denonext/audio-type.mjs": "bcbb0fe1a875f015b142936d29b2e5f200bafdea7078769efdde2584366f3341",
    "https://esm.sh/v131/audio-type@2.2.1/X-ZS9qaW1wLHNoYXJw/denonext/audio-type.mjs": "bcbb0fe1a875f015b142936d29b2e5f200bafdea7078769efdde2584366f3341",
    "https://esm.sh/v131/axios@1.4.0/X-ZS9qaW1w/denonext/axios.mjs": "74e77c29405edeb7e9e42cb111a6536df52d8b7d789a3d37bc4fa70a074220c0",
    "https://esm.sh/v131/axios@1.4.0/X-ZS9qaW1wLHNoYXJw/denonext/axios.mjs": "74e77c29405edeb7e9e42cb111a6536df52d8b7d789a3d37bc4fa70a074220c0",
    "https://esm.sh/v131/boolbase@1.0.0/X-ZS9qaW1w/denonext/boolbase.mjs": "4e3bd67e9b1c5c55094eae98345d0107c6a44ef57bd3d4b9579698fa44722280",
    "https://esm.sh/v131/boolbase@1.0.0/X-ZS9qaW1wLHNoYXJw/denonext/boolbase.mjs": "4e3bd67e9b1c5c55094eae98345d0107c6a44ef57bd3d4b9579698fa44722280",
    "https://esm.sh/v131/bufferutil@4.0.7/X-ZS9qaW1w/denonext/bufferutil.mjs": "d91f94d116b9255a953adc6340f67bf710cfcdf7bbfca30027252682f9615d6a",
    "https://esm.sh/v131/bufferutil@4.0.7/X-ZS9qaW1wLHNoYXJw/denonext/bufferutil.mjs": "baaae0951ed6157e56d36f10b518d97277c3aba5e7085da38adf652c87d4f0d8",
    "https://esm.sh/v131/cache-manager@5.2.3/X-ZS9qaW1w/denonext/cache-manager.mjs": "c9b381980da6fab6987c8902b298856c0a15016c8863ef81273c6dada847ff47",
    "https://esm.sh/v131/cache-manager@5.2.3/X-ZS9qaW1wLHNoYXJw/denonext/cache-manager.mjs": "c7aa5d213da54b79ed94f1c8395c91d1d71ea504750530c1bfcf5e4d0b00c46e",
    "https://esm.sh/v131/cheerio-select@2.1.0/X-ZS9qaW1w/denonext/cheerio-select.mjs": "7e2850a60113da977683ac196cb1acf7ab5d4d912fe812dd98997214613614ff",
    "https://esm.sh/v131/cheerio-select@2.1.0/X-ZS9qaW1wLHNoYXJw/denonext/cheerio-select.mjs": "0f55a3ef403f3871b2df04740eb572d39fb3189e59d83761b5ef4f4388e3a5a2",
    "https://esm.sh/v131/cheerio@1.0.0-rc.11/X-ZS9qaW1w/denonext/cheerio.mjs": "1a206c88db931fa4e2b7ba1a26bc40025191f5584f1817e8a1f9931c9818983d",
    "https://esm.sh/v131/cheerio@1.0.0-rc.11/X-ZS9qaW1wLHNoYXJw/denonext/cheerio.mjs": "5ee55efe0ba9b70b1829da0dbb3128f647f9f0a9094df3e5e9c5f32b1ea8212f",
    "https://esm.sh/v131/clone@2.1.2/X-ZS9qaW1w/denonext/clone.mjs": "a7fde520aeb6de984a90caf44d9bc08c024fd2df8e425a70daee606a3d9a188d",
    "https://esm.sh/v131/clone@2.1.2/X-ZS9qaW1wLHNoYXJw/denonext/clone.mjs": "a7fde520aeb6de984a90caf44d9bc08c024fd2df8e425a70daee606a3d9a188d",
    "https://esm.sh/v131/codec-parser@2.4.3/X-ZS9qaW1w/denonext/codec-parser.mjs": "9d578bbdf17dfbe66571f05c6f92b605581e53dab78406fdad8d547782e45a4c",
    "https://esm.sh/v131/codec-parser@2.4.3/X-ZS9qaW1wLHNoYXJw/denonext/codec-parser.mjs": "9d578bbdf17dfbe66571f05c6f92b605581e53dab78406fdad8d547782e45a4c",
    "https://esm.sh/v131/content-type@1.0.5/X-ZS9qaW1w/denonext/content-type.mjs": "0a76f5bf728090f75a34f227efe77a9ad37c0eaa10539e012bc5dc059b9657fa",
    "https://esm.sh/v131/content-type@1.0.5/X-ZS9qaW1wLHNoYXJw/denonext/content-type.mjs": "0a76f5bf728090f75a34f227efe77a9ad37c0eaa10539e012bc5dc059b9657fa",
    "https://esm.sh/v131/cross-fetch@3.1.5/X-ZS9qaW1w/denonext/cross-fetch.mjs": "784921e599fa33e784aa919a0e50a4a4099b1f5a9b482f1dfd782e7c665ea664",
    "https://esm.sh/v131/cross-fetch@3.1.5/X-ZS9qaW1wLHNoYXJw/denonext/cross-fetch.mjs": "784921e599fa33e784aa919a0e50a4a4099b1f5a9b482f1dfd782e7c665ea664",
    "https://esm.sh/v131/css-select@5.1.0/X-ZS9qaW1w/denonext/css-select.mjs": "e157a81f382f537f6bbd512365e93c29023ea0cf3f297cf008197d1827ce8df2",
    "https://esm.sh/v131/css-select@5.1.0/X-ZS9qaW1wLHNoYXJw/denonext/css-select.mjs": "0e42eb69ce9317d64c3a8cbe80d80e4df0724112030ff75c03199b2dc471a9e6",
    "https://esm.sh/v131/css-what@6.1.0/X-ZS9qaW1w/denonext/css-what.mjs": "283d02df6fef73d3223b55324b559b363dd0e4c008ea1efbcf9f14b8f2642202",
    "https://esm.sh/v131/css-what@6.1.0/X-ZS9qaW1wLHNoYXJw/denonext/css-what.mjs": "283d02df6fef73d3223b55324b559b363dd0e4c008ea1efbcf9f14b8f2642202",
    "https://esm.sh/v131/debug@4.3.4/X-ZS9qaW1w/denonext/debug.mjs": "4f8c98cd16e98faa2a65930baf971819fd0d50e7ec299fb1c72703e32ce4f18e",
    "https://esm.sh/v131/debug@4.3.4/X-ZS9qaW1wLHNoYXJw/denonext/debug.mjs": "81dc38b4744f2100618ff52343bb605abbeeffded51ef5b4901a481ccff384eb",
    "https://esm.sh/v131/dom-serializer@2.0.0/X-ZS9qaW1w/denonext/dom-serializer.mjs": "3a55b7b63f6ea640a563f7c402fb0ba9e5f5ab318472bdcde4ec38f44e844d1c",
    "https://esm.sh/v131/dom-serializer@2.0.0/X-ZS9qaW1wLHNoYXJw/denonext/dom-serializer.mjs": "8df27fde9af446268482722ef20bba205224457e56795925a285c55676af33ee",
    "https://esm.sh/v131/domelementtype@2.3.0/X-ZS9qaW1w/denonext/domelementtype.mjs": "371936c356d5ac797f2ce3a66b98dfc73e6fff0e095b2858b85668e6ad7d10e0",
    "https://esm.sh/v131/domelementtype@2.3.0/X-ZS9qaW1wLHNoYXJw/denonext/domelementtype.mjs": "371936c356d5ac797f2ce3a66b98dfc73e6fff0e095b2858b85668e6ad7d10e0",
    "https://esm.sh/v131/domhandler@5.0.3/X-ZS9qaW1w/denonext/domhandler.mjs": "6ddf21fe051b171a4f099addf72b557cc7932b14c49266a539f488aac4b9302a",
    "https://esm.sh/v131/domhandler@5.0.3/X-ZS9qaW1wLHNoYXJw/denonext/domhandler.mjs": "065729b198d29af7f814bf6b4e574f98724f1f617bf5220a5a2bfc4c9af9f5cd",
    "https://esm.sh/v131/domutils@3.1.0/X-ZS9qaW1w/denonext/domutils.mjs": "bc397dc08a98d8687599dd2ecf36bae46a1c4882e42764229c319bc5bc5b35be",
    "https://esm.sh/v131/domutils@3.1.0/X-ZS9qaW1wLHNoYXJw/denonext/domutils.mjs": "8e24a3672fc6f03e43bbca8a04bf56c2d34a39fcc98d123d58ad76d217d71483",
    "https://esm.sh/v131/entities@4.5.0/X-ZS9qaW1w/denonext/entities.mjs": "e491f306bcd67703da07e7a4364656fc109d55cc871422c282ed7829b8bfbfab",
    "https://esm.sh/v131/entities@4.5.0/X-ZS9qaW1w/denonext/lib/decode.js": "7fea6d8bd725edbbf7ea05031d2ea1bbbc1166dc11e3345d541198dd2dc16f1e",
    "https://esm.sh/v131/entities@4.5.0/X-ZS9qaW1w/denonext/lib/escape.js": "7ebdc622bf3618bab25db40da4a49e2b9d03f044745f125f0bc3359f2d060def",
    "https://esm.sh/v131/entities@4.5.0/X-ZS9qaW1wLHNoYXJw/denonext/entities.mjs": "e491f306bcd67703da07e7a4364656fc109d55cc871422c282ed7829b8bfbfab",
    "https://esm.sh/v131/entities@4.5.0/X-ZS9qaW1wLHNoYXJw/denonext/lib/decode.js": "7fea6d8bd725edbbf7ea05031d2ea1bbbc1166dc11e3345d541198dd2dc16f1e",
    "https://esm.sh/v131/entities@4.5.0/X-ZS9qaW1wLHNoYXJw/denonext/lib/escape.js": "7ebdc622bf3618bab25db40da4a49e2b9d03f044745f125f0bc3359f2d060def",
    "https://esm.sh/v131/file-type@16.5.4/X-ZS9qaW1w/denonext/core.js": "277715123324908d17808228639f5f823f70b40f1622436587f5e0ddd2b95262",
    "https://esm.sh/v131/file-type@16.5.4/X-ZS9qaW1wLHNoYXJw/denonext/core.js": "db67392225700987ed250e09fd120c41d1e496d45cc5a2545dbf2a4a6b81ea14",
    "https://esm.sh/v131/futoin-hkdf@1.5.2/X-ZS9qaW1w/denonext/futoin-hkdf.mjs": "c7a8f536d45c247043d559f6406c3a5c2d5083686f3bb3f6f23f129f23d552dd",
    "https://esm.sh/v131/futoin-hkdf@1.5.2/X-ZS9qaW1wLHNoYXJw/denonext/futoin-hkdf.mjs": "c7a8f536d45c247043d559f6406c3a5c2d5083686f3bb3f6f23f129f23d552dd",
    "https://esm.sh/v131/htmlparser2@8.0.2/X-ZS9qaW1w/denonext/htmlparser2.mjs": "0de2d627c597ed51517004b078d89e9871bd6c996cef5dfd09fa06a88201d725",
    "https://esm.sh/v131/htmlparser2@8.0.2/X-ZS9qaW1wLHNoYXJw/denonext/htmlparser2.mjs": "544ba02332ac2b37f7278d531cb6de89584b900ee872030e4cdd052185899203",
    "https://esm.sh/v131/ieee754@1.2.1/X-ZS9qaW1w/denonext/ieee754.mjs": "9ec2806065f50afcd4cf3f3f2f38d93e777a92a5954dda00d219f57d4b24832f",
    "https://esm.sh/v131/ieee754@1.2.1/X-ZS9qaW1wLHNoYXJw/denonext/ieee754.mjs": "9ec2806065f50afcd4cf3f3f2f38d93e777a92a5954dda00d219f57d4b24832f",
    "https://esm.sh/v131/libsignal@2.0.1/X-ZS9qaW1w/denonext/libsignal.mjs": "6013a43e3127f3af1ec6f7d2a50b97ca4d00f605600df99dfa05bd334753afe9",
    "https://esm.sh/v131/libsignal@2.0.1/X-ZS9qaW1w/denonext/src/crypto.js": "9f46a4340d11506657a229978e34daabef8397095bd5016cd57af2c9200b407d",
    "https://esm.sh/v131/libsignal@2.0.1/X-ZS9qaW1w/denonext/src/curve.js": "3467056df74cdc697245acf10cea9c91858cd70d87840fe7b20d19eb535ba2a3",
    "https://esm.sh/v131/libsignal@2.0.1/X-ZS9qaW1wLHNoYXJw/denonext/libsignal.mjs": "bad5beb97b9868e5b3b8157fd13a4d5ab81ffc537076056ddf65b2ec77a20ca4",
    "https://esm.sh/v131/libsignal@2.0.1/X-ZS9qaW1wLHNoYXJw/denonext/src/crypto.js": "9f46a4340d11506657a229978e34daabef8397095bd5016cd57af2c9200b407d",
    "https://esm.sh/v131/libsignal@2.0.1/X-ZS9qaW1wLHNoYXJw/denonext/src/curve.js": "644b9c5fe6f5701c92dab8fb2d0a4fad6ecea52c9d439f3d0c39acbe61ed0e97",
    "https://esm.sh/v131/link-preview-js@3.0.5/X-ZS9qaW1w/denonext/link-preview-js.mjs": "3ef2b4e7224cd6491547022f2ae009e5f3ed73806a7f52bc46c73be252417b48",
    "https://esm.sh/v131/link-preview-js@3.0.5/X-ZS9qaW1wLHNoYXJw/denonext/link-preview-js.mjs": "a2f8ee1c4a47d5d6f71b5d16804ca75098e38c5b92324f05d8efaf963b95ce00",
    "https://esm.sh/v131/lodash.clonedeep@4.5.0/X-ZS9qaW1w/denonext/lodash.clonedeep.mjs": "fdd99cc3182e12777303bccf2e608753daa67f13cba04510a98bc11e1382d0f7",
    "https://esm.sh/v131/lodash.clonedeep@4.5.0/X-ZS9qaW1wLHNoYXJw/denonext/lodash.clonedeep.mjs": "fdd99cc3182e12777303bccf2e608753daa67f13cba04510a98bc11e1382d0f7",
    "https://esm.sh/v131/lru-cache@9.1.2/X-ZS9qaW1w/denonext/lru-cache.mjs": "498bbb70e9d5a7a93eb7fe4e150ea63f33252a5f7a99a5bba8e36df95a07d86b",
    "https://esm.sh/v131/lru-cache@9.1.2/X-ZS9qaW1wLHNoYXJw/denonext/lru-cache.mjs": "498bbb70e9d5a7a93eb7fe4e150ea63f33252a5f7a99a5bba8e36df95a07d86b",
    "https://esm.sh/v131/media-typer@1.1.0/X-ZS9qaW1w/denonext/media-typer.mjs": "340778fb1ad7a0b1b8519eb21b41ec423d90a63bac70a112a73a1fe9545d76b5",
    "https://esm.sh/v131/media-typer@1.1.0/X-ZS9qaW1wLHNoYXJw/denonext/media-typer.mjs": "340778fb1ad7a0b1b8519eb21b41ec423d90a63bac70a112a73a1fe9545d76b5",
    "https://esm.sh/v131/mpg123-decoder@0.4.8/X-ZS9qaW1w/denonext/mpg123-decoder.mjs": "55b17beca508221691a827d39313164134800ed0dfe49373877c783aea088b32",
    "https://esm.sh/v131/mpg123-decoder@0.4.8/X-ZS9qaW1wLHNoYXJw/denonext/mpg123-decoder.mjs": "54b8b9828299a728a02ec96115139e3a1754c6b8d246008dad8087b699c1bbfa",
    "https://esm.sh/v131/ms@2.1.2/X-ZS9qaW1w/denonext/ms.mjs": "aa4dc45ba72554c5011168f8910cc646c37af53cfff1a15a4decced838b8eb14",
    "https://esm.sh/v131/ms@2.1.2/X-ZS9qaW1wLHNoYXJw/denonext/ms.mjs": "aa4dc45ba72554c5011168f8910cc646c37af53cfff1a15a4decced838b8eb14",
    "https://esm.sh/v131/music-metadata@7.13.4/X-ZS9qaW1w/denonext/music-metadata.mjs": "befc6b84d3dab8d651525e0ad43c8300f7e2653a96589559eaa71bda417a75a5",
    "https://esm.sh/v131/music-metadata@7.13.4/X-ZS9qaW1wLHNoYXJw/denonext/music-metadata.mjs": "f401aed42813766d71685130a2f811edd6eec3bd19fd45376f0efc1212c94789",
    "https://esm.sh/v131/node-cache@5.1.2/X-ZS9qaW1w/denonext/node-cache.mjs": "d7fe26e3200248a87b3646aa7a5ee8d045973e92791ff32d7742249be134c21b",
    "https://esm.sh/v131/node-cache@5.1.2/X-ZS9qaW1wLHNoYXJw/denonext/node-cache.mjs": "61644b89b0c4caf0bd86455e818af3c5254269fb920e7696e523972633fe0405",
    "https://esm.sh/v131/node-gyp-build@4.6.0/X-ZS9qaW1w/denonext/node-gyp-build.mjs": "58fc8e41b3ffd2f8a6b2a1694292976e6e12768d6e3895b9c8c13239562ffe64",
    "https://esm.sh/v131/node-gyp-build@4.6.0/X-ZS9qaW1wLHNoYXJw/denonext/node-gyp-build.mjs": "58fc8e41b3ffd2f8a6b2a1694292976e6e12768d6e3895b9c8c13239562ffe64",
    "https://esm.sh/v131/node-wav@0.0.2/X-ZS9qaW1w/denonext/node-wav.mjs": "30103ca8bebb807f74277f6f57b4f2d82da38e6a806389b4473f776bbcbe2850",
    "https://esm.sh/v131/node-wav@0.0.2/X-ZS9qaW1wLHNoYXJw/denonext/node-wav.mjs": "30103ca8bebb807f74277f6f57b4f2d82da38e6a806389b4473f776bbcbe2850",
    "https://esm.sh/v131/nth-check@2.1.1/X-ZS9qaW1w/denonext/nth-check.mjs": "3db659241a1481e126a4c37e7bcc3951a48596bb1ba5dd9b1b01f69ce87d3e92",
    "https://esm.sh/v131/nth-check@2.1.1/X-ZS9qaW1wLHNoYXJw/denonext/nth-check.mjs": "af94588d9bca7aece499e6f9988f39aeed2aae81ea1bc7e1c6c1ddcc2e73ea75",
    "https://esm.sh/v131/ogg-opus-decoder@1.6.5/X-ZS9qaW1w/denonext/ogg-opus-decoder.mjs": "b0374192ba1668fbc4652ab6331164de2ee3d27e47462fca97480abde14dd348",
    "https://esm.sh/v131/ogg-opus-decoder@1.6.5/X-ZS9qaW1wLHNoYXJw/denonext/ogg-opus-decoder.mjs": "bfef6bd9f642e0b932381893e3c56fea2b8be454492cd193edfacf2a663c22ad",
    "https://esm.sh/v131/opus-decoder@0.7.1/X-ZS9qaW1w/denonext/opus-decoder.mjs": "293c2c009b05913bb72afdd0be7b1d4952d37603e195eab6326654afb3f870be",
    "https://esm.sh/v131/opus-decoder@0.7.1/X-ZS9qaW1wLHNoYXJw/denonext/opus-decoder.mjs": "a2ff3ac2233483e6c1fb3e8b378a71b9b52710d45f6c361b163272167681d1b8",
    "https://esm.sh/v131/parse5-htmlparser2-tree-adapter@7.0.0/X-ZS9qaW1w/denonext/parse5-htmlparser2-tree-adapter.mjs": "df86c8a80a4706b69009e16c7a58e3c9ea6444c7f94621d2ec07d579a17b28e6",
    "https://esm.sh/v131/parse5-htmlparser2-tree-adapter@7.0.0/X-ZS9qaW1wLHNoYXJw/denonext/parse5-htmlparser2-tree-adapter.mjs": "2ef387cd8779985a9c688cd5cdcd84a2c2a4007a29ca0a95370a3b6a237765dd",
    "https://esm.sh/v131/parse5@7.1.2/X-ZS9qaW1w/denonext/parse5.mjs": "0801df59736aedb2377992fb3c358099d8e272d7235cdb3bf944eb219bcd8ddc",
    "https://esm.sh/v131/parse5@7.1.2/X-ZS9qaW1wLHNoYXJw/denonext/parse5.mjs": "b267125d942dec008d4ad83233ff47c2853815c2121986eca03148a80baa08c1",
    "https://esm.sh/v131/peek-readable@4.1.0/X-ZS9qaW1w/denonext/peek-readable.mjs": "b82564c2296007c62c54b00689b7aa515062355c05ab3d10662ecc51f8dfe61b",
    "https://esm.sh/v131/peek-readable@4.1.0/X-ZS9qaW1wLHNoYXJw/denonext/peek-readable.mjs": "b82564c2296007c62c54b00689b7aa515062355c05ab3d10662ecc51f8dfe61b",
    "https://esm.sh/v131/pino@7.11.0/X-ZS9qaW1w/denonext/pino.mjs": "a85f30ed28b50874ddbd3731f6ea1b76aabf2a93b2a33695b188f62694a2edaf",
    "https://esm.sh/v131/pino@7.11.0/X-ZS9qaW1wLHNoYXJw/denonext/pino.mjs": "fcd65cf41c0d132c72bb7ea7da71e370b819e1d92873dd96cb9e96fe9ebfdd0e",
    "https://esm.sh/v131/protobufjs@6.11.3/X-ZS9qaW1w/denonext/minimal.js": "ab9fdad093a9d207ed133ce5300340727c1968cc721d513465d20fabffe5c0b8",
    "https://esm.sh/v131/protobufjs@6.11.3/X-ZS9qaW1wLHNoYXJw/denonext/minimal.js": "4abef8e742446a7e8b8657d0284d6960bb1b9b72dd8724579d653046675f3cbd",
    "https://esm.sh/v131/protobufjs@6.8.8/X-ZS9qaW1w/denonext/protobufjs.mjs": "3ee9f3624a3083733293c5d7141f1b962d845c52022798679529e1a53a75bdf7",
    "https://esm.sh/v131/protobufjs@6.8.8/X-ZS9qaW1wLHNoYXJw/denonext/protobufjs.mjs": "8c67a2bfb5d4d270ffd567184d1908db68ab1d82b8069174f72bc9827e03629f",
    "https://esm.sh/v131/qoa-format@1.0.0/X-ZS9qaW1w/denonext/qoa-format.mjs": "c7c037ed2e413294418eae44a6a6afed2831201ccea8b5eedbada9d8b41e99e4",
    "https://esm.sh/v131/qoa-format@1.0.0/X-ZS9qaW1wLHNoYXJw/denonext/qoa-format.mjs": "136edcebeb99da4237554d7b3a34ab2bdf13c72dacb0631667a9a2ce945a8e6a",
    "https://esm.sh/v131/qrcode-terminal@0.12.0/X-ZS9qaW1w/denonext/qrcode-terminal.mjs": "6b83937729b2554c485e78493f0b37f25e74a4c3fb03a72ae699ab03069375d8",
    "https://esm.sh/v131/qrcode-terminal@0.12.0/X-ZS9qaW1wLHNoYXJw/denonext/qrcode-terminal.mjs": "6b83937729b2554c485e78493f0b37f25e74a4c3fb03a72ae699ab03069375d8",
    "https://esm.sh/v131/quick-format-unescaped@4.0.4/X-ZS9qaW1w/denonext/quick-format-unescaped.mjs": "8d809d8d3f13d10e7f9e5f119af5d73ebb533999cb8f35f88aa4f4dc9fba2662",
    "https://esm.sh/v131/quick-format-unescaped@4.0.4/X-ZS9qaW1wLHNoYXJw/denonext/quick-format-unescaped.mjs": "8d809d8d3f13d10e7f9e5f119af5d73ebb533999cb8f35f88aa4f4dc9fba2662",
    "https://esm.sh/v131/strtok3@6.3.0/X-ZS9qaW1w/denonext/lib/core.js": "b5ab18ad0230b47db2b1b73e1a2a0e82ff4cb330eb6c92359370c1ab9f0754f5",
    "https://esm.sh/v131/strtok3@6.3.0/X-ZS9qaW1w/denonext/strtok3.mjs": "45398a10c03bb381172577d2bea19ef24c24c40134686753df1d73846533e6d4",
    "https://esm.sh/v131/strtok3@6.3.0/X-ZS9qaW1wLHNoYXJw/denonext/lib/core.js": "97a402f26d3a0fc08c581dd1033b384783b47d130410e6fd8f77b05d6ed5052c",
    "https://esm.sh/v131/strtok3@6.3.0/X-ZS9qaW1wLHNoYXJw/denonext/strtok3.mjs": "ae997f9b7d53b055b4cccb28102f31686c3c9484ef39db9523b75085c931e173",
    "https://esm.sh/v131/token-types@4.2.1/X-ZS9qaW1w/denonext/token-types.mjs": "9ecada7b2d2bf2ee57e1913a39ea4dbac1e7fabbc395eb21e5ddf07696f7d2bb",
    "https://esm.sh/v131/token-types@4.2.1/X-ZS9qaW1wLHNoYXJw/denonext/token-types.mjs": "757ec37e3ec1fefca92e5204001a7fd15419a7cca5723f91f5b2f25b35d05b32",
    "https://esm.sh/v131/utf-8-validate@6.0.3/X-ZS9qaW1w/denonext/utf-8-validate.mjs": "3a6c8e1161054112a13b1d0d5b4e0b39645697a4db7f0b5cf3356448bb2243fd",
    "https://esm.sh/v131/utf-8-validate@6.0.3/X-ZS9qaW1wLHNoYXJw/denonext/utf-8-validate.mjs": "ed3bc4936259dae2c64f5e080d7b6296bd6428aa0e442ab344f46925908a6406",
    "https://esm.sh/v131/uuid@9.0.0/X-ZS9qaW1w/denonext/uuid.mjs": "ac96be3c985ecc0f0a14dfe23d6ec8d37b2360e9a331f3330d557b7f5210aa53",
    "https://esm.sh/v131/uuid@9.0.0/X-ZS9qaW1wLHNoYXJw/denonext/uuid.mjs": "ac96be3c985ecc0f0a14dfe23d6ec8d37b2360e9a331f3330d557b7f5210aa53",
    "https://esm.sh/v131/ws@8.13.0/X-ZS9qaW1w/denonext/ws.mjs": "5018ae93b47859ee82e7054a5362d1ee5a352e337d811aea221da7901519d77c",
    "https://esm.sh/v131/ws@8.13.0/X-ZS9qaW1wLHNoYXJw/denonext/ws.mjs": "9fc7228e4fe5aa707b9dceb4c2da0f1154ff6e96cc8afbf06939137c428cae52"
  },
  "npm": {
    "specifiers": {
      "@types/node": "@types/node@18.11.18"
    },
    "packages": {
      "@types/node@18.11.18": {
        "integrity": "sha512-DHQpWGjyQKSHj3ebjFI/wRKcqQcdR+MoFBygntYOZytCqNfkd2ZC4ARDJ2DQqhjH5p85Nnd3jhUJIXrszFX/JA==",
        "dependencies": {}
      }
    }
  }
}
